{
  "name": "typescript-challenges",
  "version": "1.0.0",
  "lockfileVersion": 1,
  "requires": true,
  "dependencies": {
    "typescript": {
      "version": "4.5.4",
      "resolved": "https://registry.npmjs.org/typescript/-/typescript-4.5.4.tgz",
      "integrity": "sha512-VgYs2A2QIRuGphtzFV7aQJduJ2gyfTljngLzjpfW9FoYZF6xuw1W0vW9ghCKLfcWrCFxK81CSGRAvS1pn4fIUg=="
    },
    "typescript-type-utils": {
      "version": "0.1.0",
      "resolved": "https://registry.npmjs.org/typescript-type-utils/-/typescript-type-utils-0.1.0.tgz",
      "integrity": "sha512-UXvYaUWfkUuTf287zYi+AE9pRkdHVcDHXk1N02a/ZmonLH2xpJL8EGzNozT/HNkAF+POlR6Lcx1wgg0ljMLcrw=="
    }
  }
}
